
Microsoft Visual Studio Solution File, Format Version 12.00
# Visual Studio Version 16
VisualStudioVersion = 16.0.29201.188
MinimumVisualStudioVersion = 10.0.40219.1
Project("{FAE04EC0-301F-11D3-BF4B-00C04F79EFBC}") = "devamsizlikTakipUygulamasi", "devamsizlikTakipUygulamasi\devamsizlikTakipUygulamasi.csproj", "{BEB38780-BA1E-46AA-AC45-809C1AE4D70D}"
EndProject
Project("{54435603-DBB4-11D2-8724-00A0C9A8B90C}") = "Devamsizlik Takip Uygulamasi", "Devamsizlik Takip Uygulamasi\Devamsizlik Takip Uygulamasi.vdproj", "{DA350FD4-1C74-4DE5-A3CB-88DB5CE0A30F}"
EndProject
Global
	GlobalSection(SolutionConfigurationPlatforms) = preSolution
		Debug|Any CPU = Debug|Any CPU
		Release|Any CPU = Release|Any CPU
	EndGlobalSection
	GlobalSection(ProjectConfigurationPlatforms) = postSolution
		{BEB38780-BA1E-46AA-AC45-809C1AE4D70D}.Debug|Any CPU.ActiveCfg = Debug|Any CPU
		{BEB38780-BA1E-46AA-AC45-809C1AE4D70D}.Debug|Any CPU.Build.0 = Debug|Any CPU
		{BEB38780-BA1E-46AA-AC45-809C1AE4D70D}.Release|Any CPU.ActiveCfg = Release|Any CPU
		{BEB38780-BA1E-46AA-AC45-809C1AE4D70D}.Release|Any CPU.Build.0 = Release|Any CPU
		{DA350FD4-1C74-4DE5-A3CB-88DB5CE0A30F}.Debug|Any CPU.ActiveCfg = Debug
		{DA350FD4-1C74-4DE5-A3CB-88DB5CE0A30F}.Release|Any CPU.ActiveCfg = Release
	EndGlobalSection
	GlobalSection(SolutionProperties) = preSolution
		HideSolutionNode = FALSE
	EndGlobalSection
	GlobalSection(ExtensibilityGlobals) = postSolution
		SolutionGuid = {B106B66F-76F8-4D3C-A38C-11E989682DC5}
	EndGlobalSection
EndGlobal
